[root]
name = "conway_rs"
version = "0.0.1"
dependencies = [
 "glium 0.14.0 (registry+https://github.com/rust-lang/crates.io-index)",
 "glutin 0.5.1 (registry+https://github.com/rust-lang/crates.io-index)",
 "rand 0.3.14 (registry+https://github.com/rust-lang/crates.io-index)",
]

[[package]]
name = "android_glue"
version = "0.1.3"
source = "registry+https://github.com/rust-lang/crates.io-index"

[[package]]
name = "backtrace"
version = "0.1.8"
source = "registry+https://github.com/rust-lang/crates.io-index"
dependencies = [
 "backtrace-sys 0.1.4 (registry+https://github.com/rust-lang/crates.io-index)",
 "cfg-if 0.1.0 (registry+https://github.com/rust-lang/crates.io-index)",
 "dbghelp-sys 0.2.0 (registry+https://github.com/rust-lang/crates.io-index)",
 "debug-builders 0.1.0 (registry+https://github.com/rust-lang/crates.io-index)",
 "kernel32-sys 0.2.2 (registry+https://github.com/rust-lang/crates.io-index)",
 "libc 0.2.11 (registry+https://github.com/rust-lang/crates.io-index)",
 "winapi 0.2.6 (registry+https://github.com/rust-lang/crates.io-index)",
]

[[package]]
name = "backtrace-sys"
version = "0.1.4"
source = "registry+https://github.com/rust-lang/crates.io-index"
dependencies = [
 "gcc 0.3.28 (registry+https://github.com/rust-lang/crates.io-index)",
 "libc 0.2.11 (registry+https://github.com/rust-lang/crates.io-index)",
]

[[package]]
name = "bitflags"
version = "0.3.3"
source = "registry+https://github.com/rust-lang/crates.io-index"

[[package]]
name = "bitflags"
version = "0.6.0"
source = "registry+https://github.com/rust-lang/crates.io-index"

[[package]]
name = "byteorder"
version = "0.5.1"
source = "registry+https://github.com/rust-lang/crates.io-index"

[[package]]
name = "cfg-if"
version = "0.1.0"
source = "registry+https://github.com/rust-lang/crates.io-index"

[[package]]
name = "cgl"
version = "0.1.4"
source = "registry+https://github.com/rust-lang/crates.io-index"
dependencies = [
 "gleam 0.2.18 (registry+https://github.com/rust-lang/crates.io-index)",
 "libc 0.2.11 (registry+https://github.com/rust-lang/crates.io-index)",
]

[[package]]
name = "cocoa"
version = "0.3.2"
source = "registry+https://github.com/rust-lang/crates.io-index"
dependencies = [
 "bitflags 0.3.3 (registry+https://github.com/rust-lang/crates.io-index)",
 "core-graphics 0.3.0 (registry+https://github.com/rust-lang/crates.io-index)",
 "libc 0.2.11 (registry+https://github.com/rust-lang/crates.io-index)",
 "objc 0.2.1 (registry+https://github.com/rust-lang/crates.io-index)",
]

[[package]]
name = "core-foundation"
version = "0.2.1"
source = "registry+https://github.com/rust-lang/crates.io-index"
dependencies = [
 "core-foundation-sys 0.2.1 (registry+https://github.com/rust-lang/crates.io-index)",
 "libc 0.2.11 (registry+https://github.com/rust-lang/crates.io-index)",
]

[[package]]
name = "core-foundation-sys"
version = "0.2.1"
source = "registry+https://github.com/rust-lang/crates.io-index"
dependencies = [
 "libc 0.2.11 (registry+https://github.com/rust-lang/crates.io-index)",
]

[[package]]
name = "core-graphics"
version = "0.3.0"
source = "registry+https://github.com/rust-lang/crates.io-index"
dependencies = [
 "core-foundation 0.2.1 (registry+https://github.com/rust-lang/crates.io-index)",
 "libc 0.2.11 (registry+https://github.com/rust-lang/crates.io-index)",
 "serde 0.7.4 (registry+https://github.com/rust-lang/crates.io-index)",
]

[[package]]
name = "crossbeam"
version = "0.2.9"
source = "registry+https://github.com/rust-lang/crates.io-index"

[[package]]
name = "dbghelp-sys"
version = "0.2.0"
source = "registry+https://github.com/rust-lang/crates.io-index"
dependencies = [
 "winapi 0.2.6 (registry+https://github.com/rust-lang/crates.io-index)",
 "winapi-build 0.1.1 (registry+https://github.com/rust-lang/crates.io-index)",
]

[[package]]
name = "debug-builders"
version = "0.1.0"
source = "registry+https://github.com/rust-lang/crates.io-index"

[[package]]
name = "dlib"
version = "0.3.0"
source = "registry+https://github.com/rust-lang/crates.io-index"
dependencies = [
 "libloading 0.2.2 (registry+https://github.com/rust-lang/crates.io-index)",
]

[[package]]
name = "dwmapi-sys"
version = "0.1.0"
source = "registry+https://github.com/rust-lang/crates.io-index"
dependencies = [
 "winapi 0.2.6 (registry+https://github.com/rust-lang/crates.io-index)",
 "winapi-build 0.1.1 (registry+https://github.com/rust-lang/crates.io-index)",
]

[[package]]
name = "dylib"
version = "0.0.1"
source = "registry+https://github.com/rust-lang/crates.io-index"
dependencies = [
 "libc 0.2.11 (registry+https://github.com/rust-lang/crates.io-index)",
]

[[package]]
name = "fs2"
version = "0.2.4"
source = "registry+https://github.com/rust-lang/crates.io-index"
dependencies = [
 "kernel32-sys 0.2.2 (registry+https://github.com/rust-lang/crates.io-index)",
 "libc 0.2.11 (registry+https://github.com/rust-lang/crates.io-index)",
 "winapi 0.2.6 (registry+https://github.com/rust-lang/crates.io-index)",
]

[[package]]
name = "gcc"
version = "0.3.28"
source = "registry+https://github.com/rust-lang/crates.io-index"

[[package]]
name = "gdi32-sys"
version = "0.1.1"
source = "registry+https://github.com/rust-lang/crates.io-index"
dependencies = [
 "winapi 0.2.6 (registry+https://github.com/rust-lang/crates.io-index)",
]

[[package]]
name = "gl_generator"
version = "0.5.1"
source = "registry+https://github.com/rust-lang/crates.io-index"
dependencies = [
 "khronos_api 1.0.0 (registry+https://github.com/rust-lang/crates.io-index)",
 "log 0.3.6 (registry+https://github.com/rust-lang/crates.io-index)",
 "xml-rs 0.3.2 (registry+https://github.com/rust-lang/crates.io-index)",
]

[[package]]
name = "gleam"
version = "0.2.18"
source = "registry+https://github.com/rust-lang/crates.io-index"
dependencies = [
 "gl_generator 0.5.1 (registry+https://github.com/rust-lang/crates.io-index)",
]

[[package]]
name = "glium"
version = "0.14.0"
source = "registry+https://github.com/rust-lang/crates.io-index"
dependencies = [
 "backtrace 0.1.8 (registry+https://github.com/rust-lang/crates.io-index)",
 "gl_generator 0.5.1 (registry+https://github.com/rust-lang/crates.io-index)",
 "glutin 0.5.1 (registry+https://github.com/rust-lang/crates.io-index)",
 "lazy_static 0.1.16 (registry+https://github.com/rust-lang/crates.io-index)",
 "smallvec 0.1.7 (registry+https://github.com/rust-lang/crates.io-index)",
]

[[package]]
name = "glutin"
version = "0.5.1"
source = "registry+https://github.com/rust-lang/crates.io-index"
dependencies = [
 "android_glue 0.1.3 (registry+https://github.com/rust-lang/crates.io-index)",
 "cgl 0.1.4 (registry+https://github.com/rust-lang/crates.io-index)",
 "cocoa 0.3.2 (registry+https://github.com/rust-lang/crates.io-index)",
 "core-foundation 0.2.1 (registry+https://github.com/rust-lang/crates.io-index)",
 "core-graphics 0.3.0 (registry+https://github.com/rust-lang/crates.io-index)",
 "dwmapi-sys 0.1.0 (registry+https://github.com/rust-lang/crates.io-index)",
 "gdi32-sys 0.1.1 (registry+https://github.com/rust-lang/crates.io-index)",
 "gl_generator 0.5.1 (registry+https://github.com/rust-lang/crates.io-index)",
 "kernel32-sys 0.2.2 (registry+https://github.com/rust-lang/crates.io-index)",
 "lazy_static 0.1.16 (registry+https://github.com/rust-lang/crates.io-index)",
 "libc 0.2.11 (registry+https://github.com/rust-lang/crates.io-index)",
 "objc 0.2.1 (registry+https://github.com/rust-lang/crates.io-index)",
 "osmesa-sys 0.0.5 (registry+https://github.com/rust-lang/crates.io-index)",
 "shared_library 0.1.4 (registry+https://github.com/rust-lang/crates.io-index)",
 "shell32-sys 0.1.1 (registry+https://github.com/rust-lang/crates.io-index)",
 "user32-sys 0.1.2 (registry+https://github.com/rust-lang/crates.io-index)",
 "wayland-client 0.5.11 (registry+https://github.com/rust-lang/crates.io-index)",
 "wayland-kbd 0.3.5 (registry+https://github.com/rust-lang/crates.io-index)",
 "wayland-window 0.2.3 (registry+https://github.com/rust-lang/crates.io-index)",
 "winapi 0.2.6 (registry+https://github.com/rust-lang/crates.io-index)",
 "x11-dl 2.4.0 (registry+https://github.com/rust-lang/crates.io-index)",
]

[[package]]
name = "kernel32-sys"
version = "0.2.2"
source = "registry+https://github.com/rust-lang/crates.io-index"
dependencies = [
 "winapi 0.2.6 (registry+https://github.com/rust-lang/crates.io-index)",
 "winapi-build 0.1.1 (registry+https://github.com/rust-lang/crates.io-index)",
]

[[package]]
name = "khronos_api"
version = "1.0.0"
source = "registry+https://github.com/rust-lang/crates.io-index"

[[package]]
name = "lazy_static"
version = "0.1.16"
source = "registry+https://github.com/rust-lang/crates.io-index"

[[package]]
name = "lazy_static"
version = "0.2.1"
source = "registry+https://github.com/rust-lang/crates.io-index"

[[package]]
name = "libc"
version = "0.2.11"
source = "registry+https://github.com/rust-lang/crates.io-index"

[[package]]
name = "libloading"
version = "0.2.2"
source = "registry+https://github.com/rust-lang/crates.io-index"
dependencies = [
 "kernel32-sys 0.2.2 (registry+https://github.com/rust-lang/crates.io-index)",
 "lazy_static 0.2.1 (registry+https://github.com/rust-lang/crates.io-index)",
 "winapi 0.2.6 (registry+https://github.com/rust-lang/crates.io-index)",
]

[[package]]
name = "log"
version = "0.3.6"
source = "registry+https://github.com/rust-lang/crates.io-index"

[[package]]
name = "malloc_buf"
version = "0.0.6"
source = "registry+https://github.com/rust-lang/crates.io-index"
dependencies = [
 "libc 0.2.11 (registry+https://github.com/rust-lang/crates.io-index)",
]

[[package]]
name = "memmap"
version = "0.2.3"
source = "registry+https://github.com/rust-lang/crates.io-index"
dependencies = [
 "fs2 0.2.4 (registry+https://github.com/rust-lang/crates.io-index)",
 "kernel32-sys 0.2.2 (registry+https://github.com/rust-lang/crates.io-index)",
 "libc 0.2.11 (registry+https://github.com/rust-lang/crates.io-index)",
 "winapi 0.2.6 (registry+https://github.com/rust-lang/crates.io-index)",
]

[[package]]
name = "objc"
version = "0.2.1"
source = "registry+https://github.com/rust-lang/crates.io-index"
dependencies = [
 "malloc_buf 0.0.6 (registry+https://github.com/rust-lang/crates.io-index)",
]

[[package]]
name = "osmesa-sys"
version = "0.0.5"
source = "registry+https://github.com/rust-lang/crates.io-index"
dependencies = [
 "libc 0.2.11 (registry+https://github.com/rust-lang/crates.io-index)",
 "shared_library 0.1.4 (registry+https://github.com/rust-lang/crates.io-index)",
]

[[package]]
name = "rand"
version = "0.3.14"
source = "registry+https://github.com/rust-lang/crates.io-index"
dependencies = [
 "libc 0.2.11 (registry+https://github.com/rust-lang/crates.io-index)",
]

[[package]]
name = "rustc_version"
version = "0.1.7"
source = "registry+https://github.com/rust-lang/crates.io-index"
dependencies = [
 "semver 0.1.20 (registry+https://github.com/rust-lang/crates.io-index)",
]

[[package]]
name = "semver"
version = "0.1.20"
source = "registry+https://github.com/rust-lang/crates.io-index"

[[package]]
name = "serde"
version = "0.7.4"
source = "registry+https://github.com/rust-lang/crates.io-index"

[[package]]
name = "shared_library"
version = "0.1.4"
source = "registry+https://github.com/rust-lang/crates.io-index"
dependencies = [
 "lazy_static 0.1.16 (registry+https://github.com/rust-lang/crates.io-index)",
 "libc 0.2.11 (registry+https://github.com/rust-lang/crates.io-index)",
]

[[package]]
name = "shell32-sys"
version = "0.1.1"
source = "registry+https://github.com/rust-lang/crates.io-index"
dependencies = [
 "winapi 0.2.6 (registry+https://github.com/rust-lang/crates.io-index)",
 "winapi-build 0.1.1 (registry+https://github.com/rust-lang/crates.io-index)",
]

[[package]]
name = "smallvec"
version = "0.1.7"
source = "registry+https://github.com/rust-lang/crates.io-index"

[[package]]
name = "tempfile"
version = "2.1.3"
source = "registry+https://github.com/rust-lang/crates.io-index"
dependencies = [
 "kernel32-sys 0.2.2 (registry+https://github.com/rust-lang/crates.io-index)",
 "libc 0.2.11 (registry+https://github.com/rust-lang/crates.io-index)",
 "rand 0.3.14 (registry+https://github.com/rust-lang/crates.io-index)",
 "rustc_version 0.1.7 (registry+https://github.com/rust-lang/crates.io-index)",
 "winapi 0.2.6 (registry+https://github.com/rust-lang/crates.io-index)",
]

[[package]]
name = "user32-sys"
version = "0.1.2"
source = "registry+https://github.com/rust-lang/crates.io-index"
dependencies = [
 "winapi 0.2.6 (registry+https://github.com/rust-lang/crates.io-index)",
 "winapi-build 0.1.1 (registry+https://github.com/rust-lang/crates.io-index)",
]

[[package]]
name = "wayland-client"
version = "0.5.11"
source = "registry+https://github.com/rust-lang/crates.io-index"
dependencies = [
 "bitflags 0.6.0 (registry+https://github.com/rust-lang/crates.io-index)",
 "crossbeam 0.2.9 (registry+https://github.com/rust-lang/crates.io-index)",
 "dlib 0.3.0 (registry+https://github.com/rust-lang/crates.io-index)",
 "libc 0.2.11 (registry+https://github.com/rust-lang/crates.io-index)",
 "wayland-scanner 0.5.11 (registry+https://github.com/rust-lang/crates.io-index)",
 "wayland-sys 0.5.11 (registry+https://github.com/rust-lang/crates.io-index)",
]

[[package]]
name = "wayland-kbd"
version = "0.3.5"
source = "registry+https://github.com/rust-lang/crates.io-index"
dependencies = [
 "bitflags 0.3.3 (registry+https://github.com/rust-lang/crates.io-index)",
 "dlib 0.3.0 (registry+https://github.com/rust-lang/crates.io-index)",
 "lazy_static 0.1.16 (registry+https://github.com/rust-lang/crates.io-index)",
 "memmap 0.2.3 (registry+https://github.com/rust-lang/crates.io-index)",
 "wayland-client 0.5.11 (registry+https://github.com/rust-lang/crates.io-index)",
]

[[package]]
name = "wayland-scanner"
version = "0.5.11"
source = "registry+https://github.com/rust-lang/crates.io-index"
dependencies = [
 "xml-rs 0.3.2 (registry+https://github.com/rust-lang/crates.io-index)",
]

[[package]]
name = "wayland-sys"
version = "0.5.11"
source = "registry+https://github.com/rust-lang/crates.io-index"
dependencies = [
 "dlib 0.3.0 (registry+https://github.com/rust-lang/crates.io-index)",
 "lazy_static 0.1.16 (registry+https://github.com/rust-lang/crates.io-index)",
]

[[package]]
name = "wayland-window"
version = "0.2.3"
source = "registry+https://github.com/rust-lang/crates.io-index"
dependencies = [
 "byteorder 0.5.1 (registry+https://github.com/rust-lang/crates.io-index)",
 "tempfile 2.1.3 (registry+https://github.com/rust-lang/crates.io-index)",
 "wayland-client 0.5.11 (registry+https://github.com/rust-lang/crates.io-index)",
]

[[package]]
name = "winapi"
version = "0.2.6"
source = "registry+https://github.com/rust-lang/crates.io-index"

[[package]]
name = "winapi-build"
version = "0.1.1"
source = "registry+https://github.com/rust-lang/crates.io-index"

[[package]]
name = "x11-dl"
version = "2.4.0"
source = "registry+https://github.com/rust-lang/crates.io-index"
dependencies = [
 "dylib 0.0.1 (registry+https://github.com/rust-lang/crates.io-index)",
 "libc 0.2.11 (registry+https://github.com/rust-lang/crates.io-index)",
]

[[package]]
name = "xml-rs"
version = "0.3.2"
source = "registry+https://github.com/rust-lang/crates.io-index"
dependencies = [
 "bitflags 0.6.0 (registry+https://github.com/rust-lang/crates.io-index)",
]

[metadata]
"checksum android_glue 0.1.3 (registry+https://github.com/rust-lang/crates.io-index)" = "f717214f8b7bac58e0fcfc2efcd716353b487a73f44935d7eab4e7b8f7d90778"
"checksum backtrace 0.1.8 (registry+https://github.com/rust-lang/crates.io-index)" = "150ae7828afa7afb6d474f909d64072d21de1f3365b6e8ad8029bf7b1c6350a0"
"checksum backtrace-sys 0.1.4 (registry+https://github.com/rust-lang/crates.io-index)" = "ff73785ae8e06bb4a7b09e09f06d7434f9748b86d2f67bdf334b603354497e08"
"checksum bitflags 0.3.3 (registry+https://github.com/rust-lang/crates.io-index)" = "32866f4d103c4e438b1db1158aa1b1a80ee078e5d77a59a2f906fd62a577389c"
"checksum bitflags 0.6.0 (registry+https://github.com/rust-lang/crates.io-index)" = "72cd7314bd4ee024071241147222c706e80385a1605ac7d4cd2fcc339da2ae46"
"checksum byteorder 0.5.1 (registry+https://github.com/rust-lang/crates.io-index)" = "e4ca3a1755927e5b00c3fe43250053b957b5c074d9f17782b88ef7aa0fb4dfe2"
"checksum cfg-if 0.1.0 (registry+https://github.com/rust-lang/crates.io-index)" = "de1e760d7b6535af4241fca8bd8adf68e2e7edacc6b29f5d399050c5e48cf88c"
"checksum cgl 0.1.4 (registry+https://github.com/rust-lang/crates.io-index)" = "a88f6de807c90491d72a2951bf541bda481f5820cfe115fae431b8dd50d5160d"
"checksum cocoa 0.3.2 (registry+https://github.com/rust-lang/crates.io-index)" = "7c89734a7e309563a531492b5493c113cc15ccc42881926c8c0bbb6b59674915"
"checksum core-foundation 0.2.1 (registry+https://github.com/rust-lang/crates.io-index)" = "abd7a684345505958a750209046872fa1734b14baed41deeaa4a7b999ebbca62"
"checksum core-foundation-sys 0.2.1 (registry+https://github.com/rust-lang/crates.io-index)" = "ecd0eda9b3c49b2bfe341c8a4c68d6c239ef030c78f25aba02bc9abd77a305cd"
"checksum core-graphics 0.3.0 (registry+https://github.com/rust-lang/crates.io-index)" = "ee7c5038519e4ca1890457e35acd0e42a3faba3697471c142e044fc7afe83901"
"checksum crossbeam 0.2.9 (registry+https://github.com/rust-lang/crates.io-index)" = "fb974f835e90390c5f9dfac00f05b06dc117299f5ea4e85fbc7bb443af4911cc"
"checksum dbghelp-sys 0.2.0 (registry+https://github.com/rust-lang/crates.io-index)" = "97590ba53bcb8ac28279161ca943a924d1fd4a8fb3fa63302591647c4fc5b850"
"checksum debug-builders 0.1.0 (registry+https://github.com/rust-lang/crates.io-index)" = "0f5d8e3d14cabcb2a8a59d7147289173c6ada77a0bc526f6b85078f941c0cf12"
"checksum dlib 0.3.0 (registry+https://github.com/rust-lang/crates.io-index)" = "8bd015f00d33d7e4ff66f1589fb824ccf3ccb10209b66c7b756f26ba9aa90215"
"checksum dwmapi-sys 0.1.0 (registry+https://github.com/rust-lang/crates.io-index)" = "07c4c7cc7b396419bc0a4d90371d0cee16cb5053b53647d287c0b728000c41fe"
"checksum dylib 0.0.1 (registry+https://github.com/rust-lang/crates.io-index)" = "cdff070fc467d71f23c5ac5ebfa0867e8f31146ef529b777723e8cba815e47ae"
"checksum fs2 0.2.4 (registry+https://github.com/rust-lang/crates.io-index)" = "66fd7974e97e3c47dc89c146a05c6e8e90c4267daee9e75c229d4e049dce454d"
"checksum gcc 0.3.28 (registry+https://github.com/rust-lang/crates.io-index)" = "3da3a2cbaeb01363c8e3704fd9fd0eb2ceb17c6f27abd4c1ef040fb57d20dc79"
"checksum gdi32-sys 0.1.1 (registry+https://github.com/rust-lang/crates.io-index)" = "65256ec4dc2592e6f05bfc1ca3b956a4e0698aa90b1dff1f5687d55a5a3fd59a"
"checksum gl_generator 0.5.1 (registry+https://github.com/rust-lang/crates.io-index)" = "3305a6b4fc8848091848d23cb92c1c9e8a8bc3528d7b07d4b86ca4f002fece59"
"checksum gleam 0.2.18 (registry+https://github.com/rust-lang/crates.io-index)" = "fb0c15710ccf7eb484135ca67296866bc6432f9be01d78bb27fe401ac083258f"
"checksum glium 0.14.0 (registry+https://github.com/rust-lang/crates.io-index)" = "3fe4cee14369e6addde2ec5e94361b999f2841d5e40c37b496e0ec30ba8386f3"
"checksum glutin 0.5.1 (registry+https://github.com/rust-lang/crates.io-index)" = "4b8f234c68a96b2cfcf60963e45a02feb9bcd1cfdae68323aed1de642182844f"
"checksum kernel32-sys 0.2.2 (registry+https://github.com/rust-lang/crates.io-index)" = "7507624b29483431c0ba2d82aece8ca6cdba9382bff4ddd0f7490560c056098d"
"checksum khronos_api 1.0.0 (registry+https://github.com/rust-lang/crates.io-index)" = "09c9d3760673c427d46f91a0350f0a84a52e6bc5a84adf26dc610b6c52436630"
"checksum lazy_static 0.1.16 (registry+https://github.com/rust-lang/crates.io-index)" = "cf186d1a8aa5f5bee5fd662bc9c1b949e0259e1bcc379d1f006847b0080c7417"
"checksum lazy_static 0.2.1 (registry+https://github.com/rust-lang/crates.io-index)" = "49247ec2a285bb3dcb23cbd9c35193c025e7251bfce77c1d5da97e6362dffe7f"
"checksum libc 0.2.11 (registry+https://github.com/rust-lang/crates.io-index)" = "c96061f0c8a2dc27482e394d82e23073569de41d73cd736672ccd3e5c7471bfd"
"checksum libloading 0.2.2 (registry+https://github.com/rust-lang/crates.io-index)" = "dfa2c300418af0c8042e94f921274743fd05aa028bd365b42ce3469a6db15000"
"checksum log 0.3.6 (registry+https://github.com/rust-lang/crates.io-index)" = "ab83497bf8bf4ed2a74259c1c802351fcd67a65baa86394b6ba73c36f4838054"
"checksum malloc_buf 0.0.6 (registry+https://github.com/rust-lang/crates.io-index)" = "62bb907fe88d54d8d9ce32a3cceab4218ed2f6b7d35617cafe9adf84e43919cb"
"checksum memmap 0.2.3 (registry+https://github.com/rust-lang/crates.io-index)" = "f20f72ed93291a72e22e8b16bb18762183bb4943f0f483da5b8be1a9e8192752"
"checksum objc 0.2.1 (registry+https://github.com/rust-lang/crates.io-index)" = "7c9311aa5acd7bee14476afa0f0557f564e9d0d61218a8b833d9b1f871fa5fba"
"checksum osmesa-sys 0.0.5 (registry+https://github.com/rust-lang/crates.io-index)" = "e25c2d8d70fa255d45c280df2c6c22c89cca2b2bbb98a11f223d7cd5d5c5369d"
"checksum rand 0.3.14 (registry+https://github.com/rust-lang/crates.io-index)" = "2791d88c6defac799c3f20d74f094ca33b9332612d9aef9078519c82e4fe04a5"
"checksum rustc_version 0.1.7 (registry+https://github.com/rust-lang/crates.io-index)" = "c5f5376ea5e30ce23c03eb77cbe4962b988deead10910c372b226388b594c084"
"checksum semver 0.1.20 (registry+https://github.com/rust-lang/crates.io-index)" = "d4f410fedcf71af0345d7607d246e7ad15faaadd49d240ee3b24e5dc21a820ac"
"checksum serde 0.7.4 (registry+https://github.com/rust-lang/crates.io-index)" = "559aced2787ce4ec7c2abac88e745ae304fcdc775b4d6c98f5ac492b0dc042d9"
"checksum shared_library 0.1.4 (registry+https://github.com/rust-lang/crates.io-index)" = "e0979ddff251a81a12de16212ab8f5fac75a1c69b86a7c5809b7b610c350f049"
"checksum shell32-sys 0.1.1 (registry+https://github.com/rust-lang/crates.io-index)" = "72f20b8f3c060374edb8046591ba28f62448c369ccbdc7b02075103fb3a9e38d"
"checksum smallvec 0.1.7 (registry+https://github.com/rust-lang/crates.io-index)" = "c6f6c83ba92e9fb79e978b33b3ca68960b73e768e929ae48f15ef7b6a98ba8fd"
"checksum tempfile 2.1.3 (registry+https://github.com/rust-lang/crates.io-index)" = "ada516e2350e8beaa84751caaced89916fdb3b78a36de0a23d3ad7859c66bb61"
"checksum user32-sys 0.1.2 (registry+https://github.com/rust-lang/crates.io-index)" = "6717129de5ac253f5642fc78a51d0c7de6f9f53d617fc94e9bae7f6e71cf5504"
"checksum wayland-client 0.5.11 (registry+https://github.com/rust-lang/crates.io-index)" = "4ad050db28aaa24916d43468f8ff9a127a22b5bcaa1e98f33535da9fc641c671"
"checksum wayland-kbd 0.3.5 (registry+https://github.com/rust-lang/crates.io-index)" = "f3b79631231fe1c118deb8aa7a04132caff2b7f9af9c4054f97b2bd76c2933b4"
"checksum wayland-scanner 0.5.11 (registry+https://github.com/rust-lang/crates.io-index)" = "5a1869370d6bafcbabae8724511d803f4e209a70e94ad94a4249269534364f66"
"checksum wayland-sys 0.5.11 (registry+https://github.com/rust-lang/crates.io-index)" = "9633f7fe5de56544215f82eaf1b76bf1b584becf7f08b58cbef4c2c7d10e803a"
"checksum wayland-window 0.2.3 (registry+https://github.com/rust-lang/crates.io-index)" = "309b69d3a863c9c21422d889fb7d98cf02f8a2ca054960a49243ce5b67ad884c"
"checksum winapi 0.2.6 (registry+https://github.com/rust-lang/crates.io-index)" = "4dfaaa8fbdaa618fa6914b59b2769d690dd7521920a18d84b42d254678dd5fd4"
"checksum winapi-build 0.1.1 (registry+https://github.com/rust-lang/crates.io-index)" = "2d315eee3b34aca4797b2da6b13ed88266e6d612562a0c46390af8299fc699bc"
"checksum x11-dl 2.4.0 (registry+https://github.com/rust-lang/crates.io-index)" = "fdad6e052965c2739d1544fd5def8db795f303dc670c970358a2d7fe268e8585"
"checksum xml-rs 0.3.2 (registry+https://github.com/rust-lang/crates.io-index)" = "b03b1014ae6406dfaebf650f3648a4fc45f8327d83d1430e5df44fb06e3fb26e"
